{
  "name": "datex-specification",
  "lockfileVersion": 3,
  "requires": true,
  "packages": {
    "": {
      "dependencies": {
        "deno": "^2.4.1",
        "typescript": "^5.8.3"
      },
      "devDependencies": {
        "@types/node": "^24.0.13"
      }
    },
    "node_modules/@deno/darwin-arm64": {
      "version": "2.4.1",
      "resolved": "https://registry.npmjs.org/@deno/darwin-arm64/-/darwin-arm64-2.4.1.tgz",
      "integrity": "sha512-j0oNEukYA/BqUlmAeuqYP8o4QCPsXZDWCwZS0Y8Twp3N+lgTvnlS527sNekTF1BwJmO5EdwwxKhA5c9T7I+VSw==",
      "cpu": [
        "arm64"
      ],
      "license": "MIT",
      "optional": true,
      "os": [
        "darwin"
      ]
    },
    "node_modules/@deno/darwin-x64": {
      "version": "2.4.1",
      "resolved": "https://registry.npmjs.org/@deno/darwin-x64/-/darwin-x64-2.4.1.tgz",
      "integrity": "sha512-tcdKKQg/QaasmS4E3VlWDvkxMHo8jYIjLyf5oxNybb15dlnFgdyGbvZoFT/Z81ROkHPyRE31VziUawMb5ALGvA==",
      "cpu": [
        "x64"
      ],
      "license": "MIT",
      "optional": true,
      "os": [
        "darwin"
      ]
    },
    "node_modules/@deno/linux-arm64-glibc": {
      "version": "2.4.1",
      "resolved": "https://registry.npmjs.org/@deno/linux-arm64-glibc/-/linux-arm64-glibc-2.4.1.tgz",
      "integrity": "sha512-BEfivyYj4GQbHuWFV/PPSLRuZkBEE1/HPfrkzIElYMxcfVMnh+UEKjGePd0HILwRSj60ZqWpkiY+rDEanU0jLQ==",
      "cpu": [
        "arm64"
      ],
      "license": "MIT",
      "optional": true,
      "os": [
        "linux"
      ]
    },
    "node_modules/@deno/linux-x64-glibc": {
      "version": "2.4.1",
      "resolved": "https://registry.npmjs.org/@deno/linux-x64-glibc/-/linux-x64-glibc-2.4.1.tgz",
      "integrity": "sha512-61lbBZvDpZuCDB1rFA77oLX0DyV7fL3EGGYNSpWRinXIOqDNW4wHK7fUH/eBhQ+kODK++cTEwxmJQtNHEbbUBA==",
      "cpu": [
        "x64"
      ],
      "license": "MIT",
      "optional": true,
      "os": [
        "linux"
      ]
    },
    "node_modules/@deno/win32-arm64": {
      "version": "2.4.1",
      "resolved": "https://registry.npmjs.org/@deno/win32-arm64/-/win32-arm64-2.4.1.tgz",
      "integrity": "sha512-zlge/xZPMapJkpSnS83haspJwUWMJSb/PpOyfFdWwg+yND4yCiwkvdafUm3QDLi5ywV0OtdItg2xcp9CW4Yqbg==",
      "cpu": [
        "arm64"
      ],
      "license": "MIT",
      "optional": true,
      "os": [
        "win32"
      ]
    },
    "node_modules/@deno/win32-x64": {
      "version": "2.4.1",
      "resolved": "https://registry.npmjs.org/@deno/win32-x64/-/win32-x64-2.4.1.tgz",
      "integrity": "sha512-HuzFrFJTfaDYqdEj9U4R2di9FYavLntKDgiUOwrBxPSxzfcTAMh1A/cj3rzRlxvPzfiITXSkqd7vlKlKEi9KVg==",
      "cpu": [
        "x64"
      ],
      "license": "MIT",
      "optional": true,
      "os": [
        "win32"
      ]
    },
    "node_modules/@types/node": {
      "version": "24.0.13",
      "resolved": "https://registry.npmjs.org/@types/node/-/node-24.0.13.tgz",
      "integrity": "sha512-Qm9OYVOFHFYg3wJoTSrz80hoec5Lia/dPp84do3X7dZvLikQvM1YpmvTBEdIr/e+U8HTkFjLHLnl78K/qjf+jQ==",
      "dev": true,
      "license": "MIT",
      "dependencies": {
        "undici-types": "~7.8.0"
      }
    },
    "node_modules/deno": {
      "version": "2.4.1",
      "resolved": "https://registry.npmjs.org/deno/-/deno-2.4.1.tgz",
      "integrity": "sha512-JjI5DZnhuoZhAtk67pEKvBAMpW7FfIsCq2J7cy+47rgffmRo5figB3Z5JamvUxwL2p00A5GioOBRsCPVV6664g==",
      "hasInstallScript": true,
      "license": "MIT",
      "bin": {
        "deno": "bin.cjs"
      },
      "optionalDependencies": {
        "@deno/darwin-arm64": "2.4.1",
        "@deno/darwin-x64": "2.4.1",
        "@deno/linux-arm64-glibc": "2.4.1",
        "@deno/linux-x64-glibc": "2.4.1",
        "@deno/win32-arm64": "2.4.1",
        "@deno/win32-x64": "2.4.1"
      }
    },
    "node_modules/typescript": {
      "version": "5.8.3",
      "resolved": "https://registry.npmjs.org/typescript/-/typescript-5.8.3.tgz",
      "integrity": "sha512-p1diW6TqL9L07nNxvRMM7hMMw4c5XOo/1ibL4aAIGmSAt9slTE1Xgw5KWuof2uTOvCg9BY7ZRi+GaF+7sfgPeQ==",
      "license": "Apache-2.0",
      "bin": {
        "tsc": "bin/tsc",
        "tsserver": "bin/tsserver"
      },
      "engines": {
        "node": ">=14.17"
      }
    },
    "node_modules/undici-types": {
      "version": "7.8.0",
      "resolved": "https://registry.npmjs.org/undici-types/-/undici-types-7.8.0.tgz",
      "integrity": "sha512-9UJ2xGDvQ43tYyVMpuHlsgApydB8ZKfVYTsLDhXkFL/6gfkp+U8xTGdh8pMJv1SpZna0zxG1DwsKZsreLbXBxw==",
      "dev": true,
      "license": "MIT"
    }
  }
}
